// !$*UTF8*$!
{
	archiveVersion = 1;
	classes = {
	};
	objectVersion = 50;
	objects = {

/* Begin PBXBuildFile section */
		4C3C7653275FA64100F697FE /* AppDelegate.swift in Sources */ = {isa = PBXBuildFile; fileRef = 4C3C7652275FA64100F697FE /* AppDelegate.swift */; };
		4C3C7655275FA64100F697FE /* SceneDelegate.swift in Sources */ = {isa = PBXBuildFile; fileRef = 4C3C7654275FA64100F697FE /* SceneDelegate.swift */; };
		4C3C7657275FA64100F697FE /* ViewController.swift in Sources */ = {isa = PBXBuildFile; fileRef = 4C3C7656275FA64100F697FE /* ViewController.swift */; };
		4C3C765A275FA64100F697FE /* Main.storyboard in Resources */ = {isa = PBXBuildFile; fileRef = 4C3C7658275FA64100F697FE /* Main.storyboard */; };
		4C3C765C275FA64A00F697FE /* Assets.xcassets in Resources */ = {isa = PBXBuildFile; fileRef = 4C3C765B275FA64A00F697FE /* Assets.xcassets */; };
		4C3C765F275FA64A00F697FE /* LaunchScreen.storyboard in Resources */ = {isa = PBXBuildFile; fileRef = 4C3C765D275FA64A00F697FE /* LaunchScreen.storyboard */; };
		4C3C766A275FA64B00F697FE /* Todo_AppTests.swift in Sources */ = {isa = PBXBuildFile; fileRef = 4C3C7669275FA64B00F697FE /* Todo_AppTests.swift */; };
		4C3C7675275FA64B00F697FE /* Todo_AppUITests.swift in Sources */ = {isa = PBXBuildFile; fileRef = 4C3C7674275FA64B00F697FE /* Todo_AppUITests.swift */; };
/* End PBXBuildFile section */

/* Begin PBXContainerItemProxy section */
		4C3C7666275FA64B00F697FE /* PBXContainerItemProxy */ = {
			isa = PBXContainerItemProxy;
			containerPortal = 4C3C7647275FA64000F697FE /* Project object */;
			proxyType = 1;
			remoteGlobalIDString = 4C3C764E275FA64100F697FE;
			remoteInfo = Todo_App;
		};
		4C3C7671275FA64B00F697FE /* PBXContainerItemProxy */ = {
			isa = PBXContainerItemProxy;
			containerPortal = 4C3C7647275FA64000F697FE /* Project object */;
			proxyType = 1;
			remoteGlobalIDString = 4C3C764E275FA64100F697FE;
			remoteInfo = Todo_App;
		};
/* End PBXContainerItemProxy section */

/* Begin PBXFileReference section */
		4C3C764F275FA64100F697FE /* Todo_App.app */ = {isa = PBXFileReference; explicitFileType = wrapper.application; includeInIndex = 0; path = Todo_App.app; sourceTree = BUILT_PRODUCTS_DIR; };
		4C3C7652275FA64100F697FE /* AppDelegate.swift */ = {isa = PBXFileReference; lastKnownFileType = sourcecode.swift; path = AppDelegate.swift; sourceTree = "<group>"; };
		4C3C7654275FA64100F697FE /* SceneDelegate.swift */ = {isa = PBXFileReference; lastKnownFileType = sourcecode.swift; path = SceneDelegate.swift; sourceTree = "<group>"; };
		4C3C7656275FA64100F697FE /* ViewController.swift */ = {isa = PBXFileReference; lastKnownFileType = sourcecode.swift; path = ViewController.swift; sourceTree = "<group>"; };
		4C3C7659275FA64100F697FE /* Base */ = {isa = PBXFileReference; lastKnownFileType = file.storyboard; name = Base; path = Base.lproj/Main.storyboard; sourceTree = "<group>"; };
		4C3C765B275FA64A00F697FE /* Assets.xcassets */ = {isa = PBXFileReference; lastKnownFileType = folder.assetcatalog; path = Assets.xcassets; sourceTree = "<group>"; };
		4C3C765E275FA64A00F697FE /* Base */ = {isa = PBXFileReference; lastKnownFileType = file.storyboard; name = Base; path = Base.lproj/LaunchScreen.storyboard; sourceTree = "<group>"; };
		4C3C7660275FA64A00F697FE /* Info.plist */ = {isa = PBXFileReference; lastKnownFileType = text.plist.xml; path = Info.plist; sourceTree = "<group>"; };
		4C3C7665275FA64B00F697FE /* Todo_AppTests.xctest */ = {isa = PBXFileReference; explicitFileType = wrapper.cfbundle; includeInIndex = 0; path = Todo_AppTests.xctest; sourceTree = BUILT_PRODUCTS_DIR; };
		4C3C7669275FA64B00F697FE /* Todo_AppTests.swift */ = {isa = PBXFileReference; lastKnownFileType = sourcecode.swift; path = Todo_AppTests.swift; sourceTree = "<group>"; };
		4C3C766B275FA64B00F697FE /* Info.plist */ = {isa = PBXFileReference; lastKnownFileType = text.plist.xml; path = Info.plist; sourceTree = "<group>"; };
		4C3C7670275FA64B00F697FE /* Todo_AppUITests.xctest */ = {isa = PBXFileReference; explicitFileType = wrapper.cfbundle; includeInIndex = 0; path = Todo_AppUITests.xctest; sourceTree = BUILT_PRODUCTS_DIR; };
		4C3C7674275FA64B00F697FE /* Todo_AppUITests.swift */ = {isa = PBXFileReference; lastKnownFileType = sourcecode.swift; path = Todo_AppUITests.swift; sourceTree = "<group>"; };
		4C3C7676275FA64B00F697FE /* Info.plist */ = {isa = PBXFileReference; lastKnownFileType = text.plist.xml; path = Info.plist; sourceTree = "<group>"; };
/* End PBXFileReference section */

/* Begin PBXFrameworksBuildPhase section */
		4C3C764C275FA64100F697FE /* Frameworks */ = {
			isa = PBXFrameworksBuildPhase;
			buildActionMask = 2147483647;
			files = (
			);
			runOnlyForDeploymentPostprocessing = 0;
		};
		4C3C7662275FA64B00F697FE /* Frameworks */ = {
			isa = PBXFrameworksBuildPhase;
			buildActionMask = 2147483647;
			files = (
			);
			runOnlyForDeploymentPostprocessing = 0;
		};
		4C3C766D275FA64B00F697FE /* Frameworks */ = {
			isa = PBXFrameworksBuildPhase;
			buildActionMask = 2147483647;
			files = (
			);
			runOnlyForDeploymentPostprocessing = 0;
		};
/* End PBXFrameworksBuildPhase section */

/* Begin PBXGroup section */
		4C3C7646275FA64000F697FE = {
			isa = PBXGroup;
			children = (
				4C3C7651275FA64100F697FE /* Todo_App */,
				4C3C7668275FA64B00F697FE /* Todo_AppTests */,
				4C3C7673275FA64B00F697FE /* Todo_AppUITests */,
				4C3C7650275FA64100F697FE /* Products */,
			);
			sourceTree = "<group>";
		};
		4C3C7650275FA64100F697FE /* Products */ = {
			isa = PBXGroup;
			children = (
				4C3C764F275FA64100F697FE /* Todo_App.app */,
				4C3C7665275FA64B00F697FE /* Todo_AppTests.xctest */,
				4C3C7670275FA64B00F697FE /* Todo_AppUITests.xctest */,
			);
			name = Products;
			sourceTree = "<group>";
		};
		4C3C7651275FA64100F697FE /* Todo_App */ = {
			isa = PBXGroup;
			children = (
				4C3C7652275FA64100F697FE /* AppDelegate.swift */,
				4C3C7654275FA64100F697FE /* SceneDelegate.swift */,
				4C3C7656275FA64100F697FE /* ViewController.swift */,
				4C3C7658275FA64100F697FE /* Main.storyboard */,
				4C3C765B275FA64A00F697FE /* Assets.xcassets */,
				4C3C765D275FA64A00F697FE /* LaunchScreen.storyboard */,
				4C3C7660275FA64A00F697FE /* Info.plist */,
			);
			path = Todo_App;
			sourceTree = "<group>";
		};
		4C3C7668275FA64B00F697FE /* Todo_AppTests */ = {
			isa = PBXGroup;
			children = (
				4C3C7669275FA64B00F697FE /* Todo_AppTests.swift */,
				4C3C766B275FA64B00F697FE /* Info.plist */,
			);
			path = Todo_AppTests;
			sourceTree = "<group>";
		};
		4C3C7673275FA64B00F697FE /* Todo_AppUITests */ = {
			isa = PBXGroup;
			children = (
				4C3C7674275FA64B00F697FE /* Todo_AppUITests.swift */,
				4C3C7676275FA64B00F697FE /* Info.plist */,
			);
			path = Todo_AppUITests;
			sourceTree = "<group>";
		};
/* End PBXGroup section */

/* Begin PBXNativeTarget section */
		4C3C764E275FA64100F697FE /* Todo_App */ = {
			isa = PBXNativeTarget;
			buildConfigurationList = 4C3C7679275FA64B00F697FE /* Build configuration list for PBXNativeTarget "Todo_App" */;
			buildPhases = (
				4C3C764B275FA64100F697FE /* Sources */,
				4C3C764C275FA64100F697FE /* Frameworks */,
				4C3C764D275FA64100F697FE /* Resources */,
			);
			buildRules = (
			);
			dependencies = (
			);
			name = Todo_App;
			productName = Todo_App;
			productReference = 4C3C764F275FA64100F697FE /* Todo_App.app */;
			productType = "com.apple.product-type.application";
		};
		4C3C7664275FA64B00F697FE /* Todo_AppTests */ = {
			isa = PBXNativeTarget;
			buildConfigurationList = 4C3C767C275FA64B00F697FE /* Build configuration list for PBXNativeTarget "Todo_AppTests" */;
			buildPhases = (
				4C3C7661275FA64B00F697FE /* Sources */,
				4C3C7662275FA64B00F697FE /* Frameworks */,
				4C3C7663275FA64B00F697FE /* Resources */,
			);
			buildRules = (
			);
			dependencies = (
				4C3C7667275FA64B00F697FE /* PBXTargetDependency */,
			);
			name = Todo_AppTests;
			productName = Todo_AppTests;
			productReference = 4C3C7665275FA64B00F697FE /* Todo_AppTests.xctest */;
			productType = "com.apple.product-type.bundle.unit-test";
		};
		4C3C766F275FA64B00F697FE /* Todo_AppUITests */ = {
			isa = PBXNativeTarget;
			buildConfigurationList = 4C3C767F275FA64B00F697FE /* Build configuration list for PBXNativeTarget "Todo_AppUITests" */;
			buildPhases = (
				4C3C766C275FA64B00F697FE /* Sources */,
				4C3C766D275FA64B00F697FE /* Frameworks */,
				4C3C766E275FA64B00F697FE /* Resources */,
			);
			buildRules = (
			);
			dependencies = (
				4C3C7672275FA64B00F697FE /* PBXTargetDependency */,
			);
			name = Todo_AppUITests;
			productName = Todo_AppUITests;
			productReference = 4C3C7670275FA64B00F697FE /* Todo_AppUITests.xctest */;
			productType = "com.apple.product-type.bundle.ui-testing";
		};
/* End PBXNativeTarget section */

/* Begin PBXProject section */
		4C3C7647275FA64000F697FE /* Project object */ = {
			isa = PBXProject;
			attributes = {
				LastSwiftUpdateCheck = 1230;
				LastUpgradeCheck = 1230;
				TargetAttributes = {
					4C3C764E275FA64100F697FE = {
						CreatedOnToolsVersion = 12.3;
					};
					4C3C7664275FA64B00F697FE = {
						CreatedOnToolsVersion = 12.3;
						TestTargetID = 4C3C764E275FA64100F697FE;
					};
					4C3C766F275FA64B00F697FE = {
						CreatedOnToolsVersion = 12.3;
						TestTargetID = 4C3C764E275FA64100F697FE;
					};
				};
			};
			buildConfigurationList = 4C3C764A275FA64000F697FE /* Build configuration list for PBXProject "Todo_App" */;
			compatibilityVersion = "Xcode 9.3";
			developmentRegion = en;
			hasScannedForEncodings = 0;
			knownRegions = (
				en,
				Base,
			);
			mainGroup = 4C3C7646275FA64000F697FE;
			productRefGroup = 4C3C7650275FA64100F697FE /* Products */;
			projectDirPath = "";
			projectRoot = "";
			targets = (
				4C3C764E275FA64100F697FE /* Todo_App */,
				4C3C7664275FA64B00F697FE /* Todo_AppTests */,
				4C3C766F275FA64B00F697FE /* Todo_AppUITests */,
			);
		};
/* End PBXProject section */

/* Begin PBXResourcesBuildPhase section */
		4C3C764D275FA64100F697FE /* Resources */ = {
			isa = PBXResourcesBuildPhase;
			buildActionMask = 2147483647;
			files = (
				4C3C765F275FA64A00F697FE /* LaunchScreen.storyboard in Resources */,
				4C3C765C275FA64A00F697FE /* Assets.xcassets in Resources */,
				4C3C765A275FA64100F697FE /* Main.storyboard in Resources */,
			);
			runOnlyForDeploymentPostprocessing = 0;
		};
		4C3C7663275FA64B00F697FE /* Resources */ = {
			isa = PBXResourcesBuildPhase;
			buildActionMask = 2147483647;
			files = (
			);
			runOnlyForDeploymentPostprocessing = 0;
		};
		4C3C766E275FA64B00F697FE /* Resources */ = {
			isa = PBXResourcesBuildPhase;
			buildActionMask = 2147483647;
			files = (
			);
			runOnlyForDeploymentPostprocessing = 0;
		};
/* End PBXResourcesBuildPhase section */

/* Begin PBXSourcesBuildPhase section */
		4C3C764B275FA64100F697FE /* Sources */ = {
			isa = PBXSourcesBuildPhase;
			buildActionMask = 2147483647;
			files = (
				4C3C7657275FA64100F697FE /* ViewController.swift in Sources */,
				4C3C7653275FA64100F697FE /* AppDelegate.swift in Sources */,
				4C3C7655275FA64100F697FE /* SceneDelegate.swift in Sources */,
			);
			runOnlyForDeploymentPostprocessing = 0;
		};
		4C3C7661275FA64B00F697FE /* Sources */ = {
			isa = PBXSourcesBuildPhase;
			buildActionMask = 2147483647;
			files = (
				4C3C766A275FA64B00F697FE /* Todo_AppTests.swift in Sources */,
			);
			runOnlyForDeploymentPostprocessing = 0;
		};
		4C3C766C275FA64B00F697FE /* Sources */ = {
			isa = PBXSourcesBuildPhase;
			buildActionMask = 2147483647;
			files = (
				4C3C7675275FA64B00F697FE /* Todo_AppUITests.swift in Sources */,
			);
			runOnlyForDeploymentPostprocessing = 0;
		};
/* End PBXSourcesBuildPhase section */

/* Begin PBXTargetDependency section */
		4C3C7667275FA64B00F697FE /* PBXTargetDependency */ = {
			isa = PBXTargetDependency;
			target = 4C3C764E275FA64100F697FE /* Todo_App */;
			targetProxy = 4C3C7666275FA64B00F697FE /* PBXContainerItemProxy */;
		};
		4C3C7672275FA64B00F697FE /* PBXTargetDependency */ = {
			isa = PBXTargetDependency;
			target = 4C3C764E275FA64100F697FE /* Todo_App */;
			targetProxy = 4C3C7671275FA64B00F697FE /* PBXContainerItemProxy */;
		};
/* End PBXTargetDependency section */

/* Begin PBXVariantGroup section */
		4C3C7658275FA64100F697FE /* Main.storyboard */ = {
			isa = PBXVariantGroup;
			children = (
				4C3C7659275FA64100F697FE /* Base */,
			);
			name = Main.storyboard;
			sourceTree = "<group>";
		};
		4C3C765D275FA64A00F697FE /* LaunchScreen.storyboard */ = {
			isa = PBXVariantGroup;
			children = (
				4C3C765E275FA64A00F697FE /* Base */,
			);
			name = LaunchScreen.storyboard;
			sourceTree = "<group>";
		};
/* End PBXVariantGroup section */

/* Begin XCBuildConfiguration section */
		4C3C7677275FA64B00F697FE /* Debug */ = {
			isa = XCBuildConfiguration;
			buildSettings = {
				ALWAYS_SEARCH_USER_PATHS = NO;
				CLANG_ANALYZER_NONNULL = YES;
				CLANG_ANALYZER_NUMBER_OBJECT_CONVERSION = YES_AGGRESSIVE;
				CLANG_CXX_LANGUAGE_STANDARD = "gnu++14";
				CLANG_CXX_LIBRARY = "libc++";
				CLANG_ENABLE_MODULES = YES;
				CLANG_ENABLE_OBJC_ARC = YES;
				CLANG_ENABLE_OBJC_WEAK = YES;
				CLANG_WARN_BLOCK_CAPTURE_AUTORELEASING = YES;
				CLANG_WARN_BOOL_CONVERSION = YES;
				CLANG_WARN_COMMA = YES;
				CLANG_WARN_CONSTANT_CONVERSION = YES;
				CLANG_WARN_DEPRECATED_OBJC_IMPLEMENTATIONS = YES;
				CLANG_WARN_DIRECT_OBJC_ISA_USAGE = YES_ERROR;
				CLANG_WARN_DOCUMENTATION_COMMENTS = YES;
				CLANG_WARN_EMPTY_BODY = YES;
				CLANG_WARN_ENUM_CONVERSION = YES;
				CLANG_WARN_INFINITE_RECURSION = YES;
				CLANG_WARN_INT_CONVERSION = YES;
				CLANG_WARN_NON_LITERAL_NULL_CONVERSION = YES;
				CLANG_WARN_OBJC_IMPLICIT_RETAIN_SELF = YES;
				CLANG_WARN_OBJC_LITERAL_CONVERSION = YES;
				CLANG_WARN_OBJC_ROOT_CLASS = YES_ERROR;
				CLANG_WARN_QUOTED_INCLUDE_IN_FRAMEWORK_HEADER = YES;
				CLANG_WARN_RANGE_LOOP_ANALYSIS = YES;
				CLANG_WARN_STRICT_PROTOTYPES = YES;
				CLANG_WARN_SUSPICIOUS_MOVE = YES;
				CLANG_WARN_UNGUARDED_AVAILABILITY = YES_AGGRESSIVE;
				CLANG_WARN_UNREACHABLE_CODE = YES;
				CLANG_WARN__DUPLICATE_METHOD_MATCH = YES;
				COPY_PHASE_STRIP = NO;
				DEBUG_INFORMATION_FORMAT = dwarf;
				ENABLE_STRICT_OBJC_MSGSEND = YES;
				ENABLE_TESTABILITY = YES;
				GCC_C_LANGUAGE_STANDARD = gnu11;
				GCC_DYNAMIC_NO_PIC = NO;
				GCC_NO_COMMON_BLOCKS = YES;
				GCC_OPTIMIZATION_LEVEL = 0;
				GCC_PREPROCESSOR_DEFINITIONS = (
					"DEBUG=1",
					"$(inherited)",
				);
				GCC_WARN_64_TO_32_BIT_CONVERSION = YES;
				GCC_WARN_ABOUT_RETURN_TYPE = YES_ERROR;
				GCC_WARN_UNDECLARED_SELECTOR = YES;
				GCC_WARN_UNINITIALIZED_AUTOS = YES_AGGRESSIVE;
				GCC_WARN_UNUSED_FUNCTION = YES;
				GCC_WARN_UNUSED_VARIABLE = YES;
				IPHONEOS_DEPLOYMENT_TARGET = 14.3;
				MTL_ENABLE_DEBUG_INFO = INCLUDE_SOURCE;
				MTL_FAST_MATH = YES;
				ONLY_ACTIVE_ARCH = YES;
				SDKROOT = iphoneos;
				SWIFT_ACTIVE_COMPILATION_CONDITIONS = DEBUG;
				SWIFT_OPTIMIZATION_LEVEL = "-Onone";
			};
			name = Debug;
		};
		4C3C7678275FA64B00F697FE /* Release */ = {
			isa = XCBuildConfiguration;
			buildSettings = {
				ALWAYS_SEARCH_USER_PATHS = NO;
				CLANG_ANALYZER_NONNULL = YES;
				CLANG_ANALYZER_NUMBER_OBJECT_CONVERSION = YES_AGGRESSIVE;
				CLANG_CXX_LANGUAGE_STANDARD = "gnu++14";
				CLANG_CXX_LIBRARY = "libc++";
				CLANG_ENABLE_MODULES = YES;
				CLANG_ENABLE_OBJC_ARC = YES;
				CLANG_ENABLE_OBJC_WEAK = YES;
				CLANG_WARN_BLOCK_CAPTURE_AUTORELEASING = YES;
				CLANG_WARN_BOOL_CONVERSION = YES;
				CLANG_WARN_COMMA = YES;
				CLANG_WARN_CONSTANT_CONVERSION = YES;
				CLANG_WARN_DEPRECATED_OBJC_IMPLEMENTATIONS = YES;
				CLANG_WARN_DIRECT_OBJC_ISA_USAGE = YES_ERROR;
				CLANG_WARN_DOCUMENTATION_COMMENTS = YES;
				CLANG_WARN_EMPTY_BODY = YES;
				CLANG_WARN_ENUM_CONVERSION = YES;
				CLANG_WARN_INFINITE_RECURSION = YES;
				CLANG_WARN_INT_CONVERSION = YES;
				CLANG_WARN_NON_LITERAL_NULL_CONVERSION = YES;
				CLANG_WARN_OBJC_IMPLICIT_RETAIN_SELF = YES;
				CLANG_WARN_OBJC_LITERAL_CONVERSION = YES;
				CLANG_WARN_OBJC_ROOT_CLASS = YES_ERROR;
				CLANG_WARN_QUOTED_INCLUDE_IN_FRAMEWORK_HEADER = YES;
				CLANG_WARN_RANGE_LOOP_ANALYSIS = YES;
				CLANG_WARN_STRICT_PROTOTYPES = YES;
				CLANG_WARN_SUSPICIOUS_MOVE = YES;
				CLANG_WARN_UNGUARDED_AVAILABILITY = YES_AGGRESSIVE;
				CLANG_WARN_UNREACHABLE_CODE = YES;
				CLANG_WARN__DUPLICATE_METHOD_MATCH = YES;
				COPY_PHASE_STRIP = NO;
				DEBUG_INFORMATION_FORMAT = "dwarf-with-dsym";
				ENABLE_NS_ASSERTIONS = NO;
				ENABLE_STRICT_OBJC_MSGSEND = YES;
				GCC_C_LANGUAGE_STANDARD = gnu11;
				GCC_NO_COMMON_BLOCKS = YES;
				GCC_WARN_64_TO_32_BIT_CONVERSION = YES;
				GCC_WARN_ABOUT_RETURN_TYPE = YES_ERROR;
				GCC_WARN_UNDECLARED_SELECTOR = YES;
				GCC_WARN_UNINITIALIZED_AUTOS = YES_AGGRESSIVE;
				GCC_WARN_UNUSED_FUNCTION = YES;
				GCC_WARN_UNUSED_VARIABLE = YES;
				IPHONEOS_DEPLOYMENT_TARGET = 14.3;
				MTL_ENABLE_DEBUG_INFO = NO;
				MTL_FAST_MATH = YES;
				SDKROOT = iphoneos;
				SWIFT_COMPILATION_MODE = wholemodule;
				SWIFT_OPTIMIZATION_LEVEL = "-O";
				VALIDATE_PRODUCT = YES;
			};
			name = Release;
		};
		4C3C767A275FA64B00F697FE /* Debug */ = {
			isa = XCBuildConfiguration;
			buildSettings = {
				ASSETCATALOG_COMPILER_APPICON_NAME = AppIcon;
				ASSETCATALOG_COMPILER_GLOBAL_ACCENT_COLOR_NAME = AccentColor;
				CODE_SIGN_STYLE = Automatic;
				INFOPLIST_FILE = Todo_App/Info.plist;
				LD_RUNPATH_SEARCH_PATHS = (
					"$(inherited)",
					"@executable_path/Frameworks",
				);
				PRODUCT_BUNDLE_IDENTIFIER = "dilshan.Todo-App";
				PRODUCT_NAME = "$(TARGET_NAME)";
				SWIFT_VERSION = 5.0;
				TARGETED_DEVICE_FAMILY = "1,2";
			};
			name = Debug;
		};
		4C3C767B275FA64B00F697FE /* Release */ = {
			isa = XCBuildConfiguration;
			buildSettings = {
				ASSETCATALOG_COMPILER_APPICON_NAME = AppIcon;
				ASSETCATALOG_COMPILER_GLOBAL_ACCENT_COLOR_NAME = AccentColor;
				CODE_SIGN_STYLE = Automatic;
				INFOPLIST_FILE = Todo_App/Info.plist;
				LD_RUNPATH_SEARCH_PATHS = (
					"$(inherited)",
					"@executable_path/Frameworks",
				);
				PRODUCT_BUNDLE_IDENTIFIER = "dilshan.Todo-App";
				PRODUCT_NAME = "$(TARGET_NAME)";
				SWIFT_VERSION = 5.0;
				TARGETED_DEVICE_FAMILY = "1,2";
			};
			name = Release;
		};
		4C3C767D275FA64B00F697FE /* Debug */ = {
			isa = XCBuildConfiguration;
			buildSettings = {
				ALWAYS_EMBED_SWIFT_STANDARD_LIBRARIES = YES;
				BUNDLE_LOADER = "$(TEST_HOST)";
				CODE_SIGN_STYLE = Automatic;
				INFOPLIST_FILE = Todo_AppTests/Info.plist;
				IPHONEOS_DEPLOYMENT_TARGET = 14.3;
				LD_RUNPATH_SEARCH_PATHS = (
					"$(inherited)",
					"@executable_path/Frameworks",
					"@loader_path/Frameworks",
				);
				PRODUCT_BUNDLE_IDENTIFIER = "dilshan.Todo-AppTests";
				PRODUCT_NAME = "$(TARGET_NAME)";
				SWIFT_VERSION = 5.0;
				TARGETED_DEVICE_FAMILY = "1,2";
				TEST_HOST = "$(BUILT_PRODUCTS_DIR)/Todo_App.app/Todo_App";
			};
			name = Debug;
		};
		4C3C767E275FA64B00F697FE /* Release */ = {
			isa = XCBuildConfiguration;
			buildSettings = {
				ALWAYS_EMBED_SWIFT_STANDARD_LIBRARIES = YES;
				BUNDLE_LOADER = "$(TEST_HOST)";
				CODE_SIGN_STYLE = Automatic;
				INFOPLIST_FILE = Todo_AppTests/Info.plist;
				IPHONEOS_DEPLOYMENT_TARGET = 14.3;
				LD_RUNPATH_SEARCH_PATHS = (
					"$(inherited)",
					"@executable_path/Frameworks",
					"@loader_path/Frameworks",
				);
				PRODUCT_BUNDLE_IDENTIFIER = "dilshan.Todo-AppTests";
				PRODUCT_NAME = "$(TARGET_NAME)";
				SWIFT_VERSION = 5.0;
				TARGETED_DEVICE_FAMILY = "1,2";
				TEST_HOST = "$(BUILT_PRODUCTS_DIR)/Todo_App.app/Todo_App";
			};
			name = Release;
		};
		4C3C7680275FA64B00F697FE /* Debug */ = {
			isa = XCBuildConfiguration;
			buildSettings = {
				ALWAYS_EMBED_SWIFT_STANDARD_LIBRARIES = YES;
				CODE_SIGN_STYLE = Automatic;
				INFOPLIST_FILE = Todo_AppUITests/Info.plist;
				LD_RUNPATH_SEARCH_PATHS = (
					"$(inherited)",
					"@executable_path/Frameworks",
					"@loader_path/Frameworks",
				);
				PRODUCT_BUNDLE_IDENTIFIER = "dilshan.Todo-AppUITests";
				PRODUCT_NAME = "$(TARGET_NAME)";
				SWIFT_VERSION = 5.0;
				TARGETED_DEVICE_FAMILY = "1,2";
				TEST_TARGET_NAME = Todo_App;
			};
			name = Debug;
		};
		4C3C7681275FA64B00F697FE /* Release */ = {
			isa = XCBuildConfiguration;
			buildSettings = {
				ALWAYS_EMBED_SWIFT_STANDARD_LIBRARIES = YES;
				CODE_SIGN_STYLE = Automatic;
				INFOPLIST_FILE = Todo_AppUITests/Info.plist;
				LD_RUNPATH_SEARCH_PATHS = (
					"$(inherited)",
					"@executable_path/Frameworks",
					"@loader_path/Frameworks",
				);
				PRODUCT_BUNDLE_IDENTIFIER = "dilshan.Todo-AppUITests";
				PRODUCT_NAME = "$(TARGET_NAME)";
				SWIFT_VERSION = 5.0;
				TARGETED_DEVICE_FAMILY = "1,2";
				TEST_TARGET_NAME = Todo_App;
			};
			name = Release;
		};
/* End XCBuildConfiguration section */

/* Begin XCConfigurationList section */
		4C3C764A275FA64000F697FE /* Build configuration list for PBXProject "Todo_App" */ = {
			isa = XCConfigurationList;
			buildConfigurations = (
				4C3C7677275FA64B00F697FE /* Debug */,
				4C3C7678275FA64B00F697FE /* Release */,
			);
			defaultConfigurationIsVisible = 0;
			defaultConfigurationName = Release;
		};
		4C3C7679275FA64B00F697FE /* Build configuration list for PBXNativeTarget "Todo_App" */ = {
			isa = XCConfigurationList;
			buildConfigurations = (
				4C3C767A275FA64B00F697FE /* Debug */,
				4C3C767B275FA64B00F697FE /* Release */,
			);
			defaultConfigurationIsVisible = 0;
			defaultConfigurationName = Release;
		};
		4C3C767C275FA64B00F697FE /* Build configuration list for PBXNativeTarget "Todo_AppTests" */ = {
			isa = XCConfigurationList;
			buildConfigurations = (
				4C3C767D275FA64B00F697FE /* Debug */,
				4C3C767E275FA64B00F697FE /* Release */,
			);
			defaultConfigurationIsVisible = 0;
			defaultConfigurationName = Release;
		};
		4C3C767F275FA64B00F697FE /* Build configuration list for PBXNativeTarget "Todo_AppUITests" */ = {
			isa = XCConfigurationList;
			buildConfigurations = (
				4C3C7680275FA64B00F697FE /* Debug */,
				4C3C7681275FA64B00F697FE /* Release */,
			);
			defaultConfigurationIsVisible = 0;
			defaultConfigurationName = Release;
		};
/* End XCConfigurationList section */
	};
	rootObject = 4C3C7647275FA64000F697FE /* Project object */;
}
